
Microsoft Visual Studio Solution File, Format Version 12.00
# Visual Studio Version 17
VisualStudioVersion = 17.10.35004.147
MinimumVisualStudioVersion = 10.0.40219.1
Project("{FAE04EC0-301F-11D3-BF4B-00C04F79EFBC}") = "WebAPIKeysManage", "WebAPIKeysManage.csproj", "{F2324678-BFF6-47E4-A277-8AE45975A06D}"
EndProject
Global
	GlobalSection(SolutionConfigurationPlatforms) = preSolution
		Debug|Any CPU = Debug|Any CPU
		Release|Any CPU = Release|Any CPU
	EndGlobalSection
	GlobalSection(ProjectConfigurationPlatforms) = postSolution
		{F2324678-BFF6-47E4-A277-8AE45975A06D}.Debug|Any CPU.ActiveCfg = Debug|Any CPU
		{F2324678-BFF6-47E4-A277-8AE45975A06D}.Debug|Any CPU.Build.0 = Debug|Any CPU
		{F2324678-BFF6-47E4-A277-8AE45975A06D}.Release|Any CPU.ActiveCfg = Release|Any CPU
		{F2324678-BFF6-47E4-A277-8AE45975A06D}.Release|Any CPU.Build.0 = Release|Any CPU
	EndGlobalSection
	GlobalSection(SolutionProperties) = preSolution
		HideSolutionNode = FALSE
	EndGlobalSection
	GlobalSection(ExtensibilityGlobals) = postSolution
		SolutionGuid = {F342C074-11D8-4888-8941-745AE4053E26}
	EndGlobalSection
EndGlobal
